
Microsoft Visual Studio Solution File, Format Version 12.00
# Visual Studio Version 16
VisualStudioVersion = 16.0.29609.76
MinimumVisualStudioVersion = 10.0.40219.1
Project("{FAE04EC0-301F-11D3-BF4B-00C04F79EFBC}") = "SantapanApi", "SantapanApi.csproj", "{B753A2C8-808C-407F-8195-093EEE3DDDA1}"
EndProject
Global
	GlobalSection(SolutionConfigurationPlatforms) = preSolution
		Debug|Any CPU = Debug|Any CPU
		Release|Any CPU = Release|Any CPU
	EndGlobalSection
	GlobalSection(ProjectConfigurationPlatforms) = postSolution
		{B753A2C8-808C-407F-8195-093EEE3DDDA1}.Debug|Any CPU.ActiveCfg = Debug|Any CPU
		{B753A2C8-808C-407F-8195-093EEE3DDDA1}.Debug|Any CPU.Build.0 = Debug|Any CPU
		{B753A2C8-808C-407F-8195-093EEE3DDDA1}.Release|Any CPU.ActiveCfg = Release|Any CPU
		{B753A2C8-808C-407F-8195-093EEE3DDDA1}.Release|Any CPU.Build.0 = Release|Any CPU
	EndGlobalSection
	GlobalSection(SolutionProperties) = preSolution
		HideSolutionNode = FALSE
	EndGlobalSection
	GlobalSection(ExtensibilityGlobals) = postSolution
		SolutionGuid = {26BE1DDF-7710-4BDE-9984-0CB6A648E57F}
	EndGlobalSection
EndGlobal
